
Microsoft Visual Studio Solution File, Format Version 12.00
# Visual Studio Version 16
VisualStudioVersion = 16.0.30413.136
MinimumVisualStudioVersion = 10.0.40219.1
Project("{FAE04EC0-301F-11D3-BF4B-00C04F79EFBC}") = "NUnitTestProject20220513", "NUnitTestProject20220513\NUnitTestProject20220513.csproj", "{2DEF6327-1798-412B-9EB9-33FECB1D1EE9}"
EndProject
Global
	GlobalSection(SolutionConfigurationPlatforms) = preSolution
		Debug|Any CPU = Debug|Any CPU
		Release|Any CPU = Release|Any CPU
	EndGlobalSection
	GlobalSection(ProjectConfigurationPlatforms) = postSolution
		{2DEF6327-1798-412B-9EB9-33FECB1D1EE9}.Debug|Any CPU.ActiveCfg = Debug|Any CPU
		{2DEF6327-1798-412B-9EB9-33FECB1D1EE9}.Debug|Any CPU.Build.0 = Debug|Any CPU
		{2DEF6327-1798-412B-9EB9-33FECB1D1EE9}.Release|Any CPU.ActiveCfg = Release|Any CPU
		{2DEF6327-1798-412B-9EB9-33FECB1D1EE9}.Release|Any CPU.Build.0 = Release|Any CPU
	EndGlobalSection
	GlobalSection(SolutionProperties) = preSolution
		HideSolutionNode = FALSE
	EndGlobalSection
	GlobalSection(ExtensibilityGlobals) = postSolution
		SolutionGuid = {6E4197A6-5BC5-4396-94B7-DF7FAAF724A5}
	EndGlobalSection
EndGlobal
